
Microsoft Visual Studio Solution File, Format Version 12.00
# Visual Studio Version 17
VisualStudioVersion = 17.3.32929.385
MinimumVisualStudioVersion = 10.0.40219.1
Project("{FAE04EC0-301F-11D3-BF4B-00C04F79EFBC}") = "ML.NET.Demo", "ML.NET.Demo\ML.NET.Demo.csproj", "{08C7EF6D-40A3-425A-8E7B-3E6D27C55D65}"
EndProject
Global
	GlobalSection(SolutionConfigurationPlatforms) = preSolution
		Debug|Any CPU = Debug|Any CPU
		Release|Any CPU = Release|Any CPU
	EndGlobalSection
	GlobalSection(ProjectConfigurationPlatforms) = postSolution
		{08C7EF6D-40A3-425A-8E7B-3E6D27C55D65}.Debug|Any CPU.ActiveCfg = Debug|Any CPU
		{08C7EF6D-40A3-425A-8E7B-3E6D27C55D65}.Debug|Any CPU.Build.0 = Debug|Any CPU
		{08C7EF6D-40A3-425A-8E7B-3E6D27C55D65}.Release|Any CPU.ActiveCfg = Release|Any CPU
		{08C7EF6D-40A3-425A-8E7B-3E6D27C55D65}.Release|Any CPU.Build.0 = Release|Any CPU
	EndGlobalSection
	GlobalSection(SolutionProperties) = preSolution
		HideSolutionNode = FALSE
	EndGlobalSection
	GlobalSection(ExtensibilityGlobals) = postSolution
		SolutionGuid = {14FC5C71-0655-4A79-9D85-7048F0CE2916}
	EndGlobalSection
EndGlobal
