
Microsoft Visual Studio Solution File, Format Version 12.00
# Visual Studio Version 17
VisualStudioVersion = 17.3.32929.385
MinimumVisualStudioVersion = 10.0.40219.1
Project("{9A19103F-16F7-4668-BE54-9A1E7A4F7556}") = "ML.NET.Notebooks", "ML.NET.Demo\ML.NET.Notebooks.csproj", "{08C7EF6D-40A3-425A-8E7B-3E6D27C55D65}"
EndProject
Project("{9A19103F-16F7-4668-BE54-9A1E7A4F7556}") = "LinearRegression", "LinearRegression\LinearRegression.csproj", "{B71EBE0B-A942-496A-B1F1-2EADDEF4ABD1}"
EndProject
Project("{FAE04EC0-301F-11D3-BF4B-00C04F79EFBC}") = "BinaryClassification", "BinaryClassification\BinaryClassification.csproj", "{8C57C041-12EF-4358-AEAC-15A6F73B29EB}"
EndProject
Project("{FAE04EC0-301F-11D3-BF4B-00C04F79EFBC}") = "MulticlassClassification", "MulticlassClassification\MulticlassClassification.csproj", "{BC0CFC78-8148-4B23-B563-EB4D701895DC}"
EndProject
Project("{FAE04EC0-301F-11D3-BF4B-00C04F79EFBC}") = "DecisionTreeRegression", "DecisionTreeRegression\DecisionTreeRegression.csproj", "{007A3F21-5371-41C3-9E67-B0F4763DCBD6}"
EndProject
Project("{FAE04EC0-301F-11D3-BF4B-00C04F79EFBC}") = "DecisionTree16Personality", "DecisionTree16Personality\DecisionTree16Personality.csproj", "{BFB4151C-FB8D-4100-8E5F-9A62A55D827F}"
EndProject
Project("{FAE04EC0-301F-11D3-BF4B-00C04F79EFBC}") = "DTBinaryClassification", "DTBinaryClassification\DTBinaryClassification.csproj", "{02A03164-DB53-4E23-B000-FEFD6AAF1DC0}"
EndProject
Global
	GlobalSection(SolutionConfigurationPlatforms) = preSolution
		Debug|Any CPU = Debug|Any CPU
		Release|Any CPU = Release|Any CPU
	EndGlobalSection
	GlobalSection(ProjectConfigurationPlatforms) = postSolution
		{08C7EF6D-40A3-425A-8E7B-3E6D27C55D65}.Debug|Any CPU.ActiveCfg = Debug|Any CPU
		{08C7EF6D-40A3-425A-8E7B-3E6D27C55D65}.Debug|Any CPU.Build.0 = Debug|Any CPU
		{08C7EF6D-40A3-425A-8E7B-3E6D27C55D65}.Release|Any CPU.ActiveCfg = Release|Any CPU
		{08C7EF6D-40A3-425A-8E7B-3E6D27C55D65}.Release|Any CPU.Build.0 = Release|Any CPU
		{B71EBE0B-A942-496A-B1F1-2EADDEF4ABD1}.Debug|Any CPU.ActiveCfg = Debug|Any CPU
		{B71EBE0B-A942-496A-B1F1-2EADDEF4ABD1}.Debug|Any CPU.Build.0 = Debug|Any CPU
		{B71EBE0B-A942-496A-B1F1-2EADDEF4ABD1}.Release|Any CPU.ActiveCfg = Release|Any CPU
		{B71EBE0B-A942-496A-B1F1-2EADDEF4ABD1}.Release|Any CPU.Build.0 = Release|Any CPU
		{8C57C041-12EF-4358-AEAC-15A6F73B29EB}.Debug|Any CPU.ActiveCfg = Debug|Any CPU
		{8C57C041-12EF-4358-AEAC-15A6F73B29EB}.Debug|Any CPU.Build.0 = Debug|Any CPU
		{8C57C041-12EF-4358-AEAC-15A6F73B29EB}.Release|Any CPU.ActiveCfg = Release|Any CPU
		{8C57C041-12EF-4358-AEAC-15A6F73B29EB}.Release|Any CPU.Build.0 = Release|Any CPU
		{BC0CFC78-8148-4B23-B563-EB4D701895DC}.Debug|Any CPU.ActiveCfg = Debug|Any CPU
		{BC0CFC78-8148-4B23-B563-EB4D701895DC}.Debug|Any CPU.Build.0 = Debug|Any CPU
		{BC0CFC78-8148-4B23-B563-EB4D701895DC}.Release|Any CPU.ActiveCfg = Release|Any CPU
		{BC0CFC78-8148-4B23-B563-EB4D701895DC}.Release|Any CPU.Build.0 = Release|Any CPU
		{007A3F21-5371-41C3-9E67-B0F4763DCBD6}.Debug|Any CPU.ActiveCfg = Debug|Any CPU
		{007A3F21-5371-41C3-9E67-B0F4763DCBD6}.Debug|Any CPU.Build.0 = Debug|Any CPU
		{007A3F21-5371-41C3-9E67-B0F4763DCBD6}.Release|Any CPU.ActiveCfg = Release|Any CPU
		{007A3F21-5371-41C3-9E67-B0F4763DCBD6}.Release|Any CPU.Build.0 = Release|Any CPU
		{BFB4151C-FB8D-4100-8E5F-9A62A55D827F}.Debug|Any CPU.ActiveCfg = Debug|Any CPU
		{BFB4151C-FB8D-4100-8E5F-9A62A55D827F}.Debug|Any CPU.Build.0 = Debug|Any CPU
		{BFB4151C-FB8D-4100-8E5F-9A62A55D827F}.Release|Any CPU.ActiveCfg = Release|Any CPU
		{BFB4151C-FB8D-4100-8E5F-9A62A55D827F}.Release|Any CPU.Build.0 = Release|Any CPU
		{02A03164-DB53-4E23-B000-FEFD6AAF1DC0}.Debug|Any CPU.ActiveCfg = Debug|Any CPU
		{02A03164-DB53-4E23-B000-FEFD6AAF1DC0}.Debug|Any CPU.Build.0 = Debug|Any CPU
		{02A03164-DB53-4E23-B000-FEFD6AAF1DC0}.Release|Any CPU.ActiveCfg = Release|Any CPU
		{02A03164-DB53-4E23-B000-FEFD6AAF1DC0}.Release|Any CPU.Build.0 = Release|Any CPU
	EndGlobalSection
	GlobalSection(SolutionProperties) = preSolution
		HideSolutionNode = FALSE
	EndGlobalSection
	GlobalSection(ExtensibilityGlobals) = postSolution
		SolutionGuid = {14FC5C71-0655-4A79-9D85-7048F0CE2916}
	EndGlobalSection
EndGlobal
