
Microsoft Visual Studio Solution File, Format Version 12.00
# Visual Studio Version 17
VisualStudioVersion = 17.3.32929.385
MinimumVisualStudioVersion = 10.0.40219.1
Project("{9A19103F-16F7-4668-BE54-9A1E7A4F7556}") = "ML.NET.Notebooks", "ML.NET.Demo\ML.NET.Notebooks.csproj", "{08C7EF6D-40A3-425A-8E7B-3E6D27C55D65}"
EndProject
Project("{9A19103F-16F7-4668-BE54-9A1E7A4F7556}") = "LinearRegression", "LinearRegression\LinearRegression.csproj", "{B71EBE0B-A942-496A-B1F1-2EADDEF4ABD1}"
EndProject
Project("{9A19103F-16F7-4668-BE54-9A1E7A4F7556}") = "BinaryClassification", "BinaryClassification\BinaryClassification.csproj", "{8C57C041-12EF-4358-AEAC-15A6F73B29EB}"
EndProject
Project("{9A19103F-16F7-4668-BE54-9A1E7A4F7556}") = "MulticlassClassification", "MulticlassClassification\MulticlassClassification.csproj", "{BC0CFC78-8148-4B23-B563-EB4D701895DC}"
EndProject
Project("{9A19103F-16F7-4668-BE54-9A1E7A4F7556}") = "DecisionTreeRegression", "DecisionTreeRegression\DecisionTreeRegression.csproj", "{007A3F21-5371-41C3-9E67-B0F4763DCBD6}"
EndProject
Project("{9A19103F-16F7-4668-BE54-9A1E7A4F7556}") = "DecisionTree16Personality", "DecisionTree16Personality\DecisionTree16Personality.csproj", "{BFB4151C-FB8D-4100-8E5F-9A62A55D827F}"
EndProject
Project("{9A19103F-16F7-4668-BE54-9A1E7A4F7556}") = "DTBinaryClassification", "DTBinaryClassification\DTBinaryClassification.csproj", "{02A03164-DB53-4E23-B000-FEFD6AAF1DC0}"
EndProject
Project("{9A19103F-16F7-4668-BE54-9A1E7A4F7556}") = "Forecasting", "Forecasting\Forecasting.csproj", "{182C6023-4DD1-4CF2-9CC6-F055B1FDE4EE}"
EndProject
Project("{9A19103F-16F7-4668-BE54-9A1E7A4F7556}") = "Recommendation", "Recommendation\Recommendation.csproj", "{017708A0-4ED1-46D2-A397-73FB546A931E}"
EndProject
Project("{9A19103F-16F7-4668-BE54-9A1E7A4F7556}") = "Clustering", "Clustering\Clustering.csproj", "{76B47FC3-5F96-4D2B-AC14-56C562BEBE07}"
EndProject
Project("{9A19103F-16F7-4668-BE54-9A1E7A4F7556}") = "AnomalyDetection", "AnomalyDetection\AnomalyDetection.csproj", "{72DB8EB4-2927-4F00-882D-BA1EDCC869BF}"
EndProject
Project("{9A19103F-16F7-4668-BE54-9A1E7A4F7556}") = "Sentiment", "Sentiment\Sentiment.csproj", "{02ABB855-AFBC-4223-A64B-88A720EB12BD}"
EndProject
Project("{FAE04EC0-301F-11D3-BF4B-00C04F79EFBC}") = "ImageClassification", "ImageClassification\ImageClassification.csproj", "{15898564-1676-44CD-8409-2A989F09BD58}"
EndProject
Global
	GlobalSection(SolutionConfigurationPlatforms) = preSolution
		Debug|Any CPU = Debug|Any CPU
		Release|Any CPU = Release|Any CPU
	EndGlobalSection
	GlobalSection(ProjectConfigurationPlatforms) = postSolution
		{08C7EF6D-40A3-425A-8E7B-3E6D27C55D65}.Debug|Any CPU.ActiveCfg = Debug|Any CPU
		{08C7EF6D-40A3-425A-8E7B-3E6D27C55D65}.Debug|Any CPU.Build.0 = Debug|Any CPU
		{08C7EF6D-40A3-425A-8E7B-3E6D27C55D65}.Release|Any CPU.ActiveCfg = Release|Any CPU
		{08C7EF6D-40A3-425A-8E7B-3E6D27C55D65}.Release|Any CPU.Build.0 = Release|Any CPU
		{B71EBE0B-A942-496A-B1F1-2EADDEF4ABD1}.Debug|Any CPU.ActiveCfg = Debug|Any CPU
		{B71EBE0B-A942-496A-B1F1-2EADDEF4ABD1}.Debug|Any CPU.Build.0 = Debug|Any CPU
		{B71EBE0B-A942-496A-B1F1-2EADDEF4ABD1}.Release|Any CPU.ActiveCfg = Release|Any CPU
		{B71EBE0B-A942-496A-B1F1-2EADDEF4ABD1}.Release|Any CPU.Build.0 = Release|Any CPU
		{8C57C041-12EF-4358-AEAC-15A6F73B29EB}.Debug|Any CPU.ActiveCfg = Debug|Any CPU
		{8C57C041-12EF-4358-AEAC-15A6F73B29EB}.Debug|Any CPU.Build.0 = Debug|Any CPU
		{8C57C041-12EF-4358-AEAC-15A6F73B29EB}.Release|Any CPU.ActiveCfg = Release|Any CPU
		{8C57C041-12EF-4358-AEAC-15A6F73B29EB}.Release|Any CPU.Build.0 = Release|Any CPU
		{BC0CFC78-8148-4B23-B563-EB4D701895DC}.Debug|Any CPU.ActiveCfg = Debug|Any CPU
		{BC0CFC78-8148-4B23-B563-EB4D701895DC}.Debug|Any CPU.Build.0 = Debug|Any CPU
		{BC0CFC78-8148-4B23-B563-EB4D701895DC}.Release|Any CPU.ActiveCfg = Release|Any CPU
		{BC0CFC78-8148-4B23-B563-EB4D701895DC}.Release|Any CPU.Build.0 = Release|Any CPU
		{007A3F21-5371-41C3-9E67-B0F4763DCBD6}.Debug|Any CPU.ActiveCfg = Debug|Any CPU
		{007A3F21-5371-41C3-9E67-B0F4763DCBD6}.Debug|Any CPU.Build.0 = Debug|Any CPU
		{007A3F21-5371-41C3-9E67-B0F4763DCBD6}.Release|Any CPU.ActiveCfg = Release|Any CPU
		{007A3F21-5371-41C3-9E67-B0F4763DCBD6}.Release|Any CPU.Build.0 = Release|Any CPU
		{BFB4151C-FB8D-4100-8E5F-9A62A55D827F}.Debug|Any CPU.ActiveCfg = Debug|Any CPU
		{BFB4151C-FB8D-4100-8E5F-9A62A55D827F}.Debug|Any CPU.Build.0 = Debug|Any CPU
		{BFB4151C-FB8D-4100-8E5F-9A62A55D827F}.Release|Any CPU.ActiveCfg = Release|Any CPU
		{BFB4151C-FB8D-4100-8E5F-9A62A55D827F}.Release|Any CPU.Build.0 = Release|Any CPU
		{02A03164-DB53-4E23-B000-FEFD6AAF1DC0}.Debug|Any CPU.ActiveCfg = Debug|Any CPU
		{02A03164-DB53-4E23-B000-FEFD6AAF1DC0}.Debug|Any CPU.Build.0 = Debug|Any CPU
		{02A03164-DB53-4E23-B000-FEFD6AAF1DC0}.Release|Any CPU.ActiveCfg = Release|Any CPU
		{02A03164-DB53-4E23-B000-FEFD6AAF1DC0}.Release|Any CPU.Build.0 = Release|Any CPU
		{182C6023-4DD1-4CF2-9CC6-F055B1FDE4EE}.Debug|Any CPU.ActiveCfg = Debug|Any CPU
		{182C6023-4DD1-4CF2-9CC6-F055B1FDE4EE}.Debug|Any CPU.Build.0 = Debug|Any CPU
		{182C6023-4DD1-4CF2-9CC6-F055B1FDE4EE}.Release|Any CPU.ActiveCfg = Release|Any CPU
		{182C6023-4DD1-4CF2-9CC6-F055B1FDE4EE}.Release|Any CPU.Build.0 = Release|Any CPU
		{017708A0-4ED1-46D2-A397-73FB546A931E}.Debug|Any CPU.ActiveCfg = Debug|Any CPU
		{017708A0-4ED1-46D2-A397-73FB546A931E}.Debug|Any CPU.Build.0 = Debug|Any CPU
		{017708A0-4ED1-46D2-A397-73FB546A931E}.Release|Any CPU.ActiveCfg = Release|Any CPU
		{017708A0-4ED1-46D2-A397-73FB546A931E}.Release|Any CPU.Build.0 = Release|Any CPU
		{76B47FC3-5F96-4D2B-AC14-56C562BEBE07}.Debug|Any CPU.ActiveCfg = Debug|Any CPU
		{76B47FC3-5F96-4D2B-AC14-56C562BEBE07}.Debug|Any CPU.Build.0 = Debug|Any CPU
		{76B47FC3-5F96-4D2B-AC14-56C562BEBE07}.Release|Any CPU.ActiveCfg = Release|Any CPU
		{76B47FC3-5F96-4D2B-AC14-56C562BEBE07}.Release|Any CPU.Build.0 = Release|Any CPU
		{72DB8EB4-2927-4F00-882D-BA1EDCC869BF}.Debug|Any CPU.ActiveCfg = Debug|Any CPU
		{72DB8EB4-2927-4F00-882D-BA1EDCC869BF}.Debug|Any CPU.Build.0 = Debug|Any CPU
		{72DB8EB4-2927-4F00-882D-BA1EDCC869BF}.Release|Any CPU.ActiveCfg = Release|Any CPU
		{72DB8EB4-2927-4F00-882D-BA1EDCC869BF}.Release|Any CPU.Build.0 = Release|Any CPU
		{02ABB855-AFBC-4223-A64B-88A720EB12BD}.Debug|Any CPU.ActiveCfg = Debug|Any CPU
		{02ABB855-AFBC-4223-A64B-88A720EB12BD}.Debug|Any CPU.Build.0 = Debug|Any CPU
		{02ABB855-AFBC-4223-A64B-88A720EB12BD}.Release|Any CPU.ActiveCfg = Release|Any CPU
		{02ABB855-AFBC-4223-A64B-88A720EB12BD}.Release|Any CPU.Build.0 = Release|Any CPU
		{15898564-1676-44CD-8409-2A989F09BD58}.Debug|Any CPU.ActiveCfg = Debug|Any CPU
		{15898564-1676-44CD-8409-2A989F09BD58}.Debug|Any CPU.Build.0 = Debug|Any CPU
		{15898564-1676-44CD-8409-2A989F09BD58}.Release|Any CPU.ActiveCfg = Release|Any CPU
		{15898564-1676-44CD-8409-2A989F09BD58}.Release|Any CPU.Build.0 = Release|Any CPU
	EndGlobalSection
	GlobalSection(SolutionProperties) = preSolution
		HideSolutionNode = FALSE
	EndGlobalSection
	GlobalSection(ExtensibilityGlobals) = postSolution
		SolutionGuid = {14FC5C71-0655-4A79-9D85-7048F0CE2916}
	EndGlobalSection
EndGlobal
